// !$*UTF8*$!
{
	archiveVersion = 1;
	classes = {
	};
	objectVersion = 46;
	objects = {

/* Begin PBXBuildFile section */
		A14D13321C50422C0018BD3F /* KeevaDatabase.m in Sources */ = {isa = PBXBuildFile; fileRef = A14D132F1C50422C0018BD3F /* KeevaDatabase.m */; };
		A14D13331C50422C0018BD3F /* Keeva.m in Sources */ = {isa = PBXBuildFile; fileRef = A14D13311C50422C0018BD3F /* Keeva.m */; };
		A14D13361C5042610018BD3F /* KeevaEncryptor.m in Sources */ = {isa = PBXBuildFile; fileRef = A14D13351C5042610018BD3F /* KeevaEncryptor.m */; };
		A14D133B1C5042960018BD3F /* KeevaConfig.m in Sources */ = {isa = PBXBuildFile; fileRef = A14D13381C5042960018BD3F /* KeevaConfig.m */; };
		A14D133C1C5042960018BD3F /* KeevaUtils.m in Sources */ = {isa = PBXBuildFile; fileRef = A14D133A1C5042960018BD3F /* KeevaUtils.m */; };
		A14D13411C5046A20018BD3F /* FBEncryptorAES.m in Sources */ = {isa = PBXBuildFile; fileRef = A14D133E1C5046A20018BD3F /* FBEncryptorAES.m */; };
		A14D13421C5046A20018BD3F /* NSData-Base64.m in Sources */ = {isa = PBXBuildFile; fileRef = A14D13401C5046A20018BD3F /* NSData-Base64.m */; };
		A14D13641C53ED440018BD3F /* KeevaDatabase.h in Headers */ = {isa = PBXBuildFile; fileRef = A14D132E1C50422C0018BD3F /* KeevaDatabase.h */; settings = {ATTRIBUTES = (Public, ); }; };
		A14D13651C53ED450018BD3F /* Keeva.h in Headers */ = {isa = PBXBuildFile; fileRef = A14D13301C50422C0018BD3F /* Keeva.h */; settings = {ATTRIBUTES = (Public, ); }; };
		A14D13661C53ED450018BD3F /* KeevaEncryptor.h in Headers */ = {isa = PBXBuildFile; fileRef = A14D13341C5042610018BD3F /* KeevaEncryptor.h */; settings = {ATTRIBUTES = (Public, ); }; };
		A14D13671C53ED450018BD3F /* KeevaConfig.h in Headers */ = {isa = PBXBuildFile; fileRef = A14D13371C5042960018BD3F /* KeevaConfig.h */; settings = {ATTRIBUTES = (Public, ); }; };
		A14D13681C53ED450018BD3F /* KeevaUtils.h in Headers */ = {isa = PBXBuildFile; fileRef = A14D13391C5042960018BD3F /* KeevaUtils.h */; settings = {ATTRIBUTES = (Public, ); }; };
		A14D13691C53ED450018BD3F /* FBEncryptorAES.h in Headers */ = {isa = PBXBuildFile; fileRef = A14D133D1C5046A20018BD3F /* FBEncryptorAES.h */; };
		A14D136A1C53ED450018BD3F /* NSData-Base64.h in Headers */ = {isa = PBXBuildFile; fileRef = A14D133F1C5046A20018BD3F /* NSData-Base64.h */; settings = {ATTRIBUTES = (Public, ); }; };
/* End PBXBuildFile section */

/* Begin PBXCopyFilesBuildPhase section */
		A14D13201C50414A0018BD3F /* CopyFiles */ = {
			isa = PBXCopyFilesBuildPhase;
			buildActionMask = 2147483647;
			dstPath = "include/$(PRODUCT_NAME)";
			dstSubfolderSpec = 16;
			files = (
			);
			runOnlyForDeploymentPostprocessing = 0;
		};
/* End PBXCopyFilesBuildPhase section */

/* Begin PBXFileReference section */
		A14D13221C50414A0018BD3F /* libKeeva.a */ = {isa = PBXFileReference; explicitFileType = archive.ar; includeInIndex = 0; path = libKeeva.a; sourceTree = BUILT_PRODUCTS_DIR; };
		A14D132E1C50422C0018BD3F /* KeevaDatabase.h */ = {isa = PBXFileReference; fileEncoding = 4; lastKnownFileType = sourcecode.c.h; path = KeevaDatabase.h; sourceTree = "<group>"; };
		A14D132F1C50422C0018BD3F /* KeevaDatabase.m */ = {isa = PBXFileReference; fileEncoding = 4; lastKnownFileType = sourcecode.c.objc; path = KeevaDatabase.m; sourceTree = "<group>"; };
		A14D13301C50422C0018BD3F /* Keeva.h */ = {isa = PBXFileReference; fileEncoding = 4; lastKnownFileType = sourcecode.c.h; path = Keeva.h; sourceTree = "<group>"; };
		A14D13311C50422C0018BD3F /* Keeva.m */ = {isa = PBXFileReference; fileEncoding = 4; lastKnownFileType = sourcecode.c.objc; path = Keeva.m; sourceTree = "<group>"; };
		A14D13341C5042610018BD3F /* KeevaEncryptor.h */ = {isa = PBXFileReference; fileEncoding = 4; lastKnownFileType = sourcecode.c.h; path = KeevaEncryptor.h; sourceTree = "<group>"; };
		A14D13351C5042610018BD3F /* KeevaEncryptor.m */ = {isa = PBXFileReference; fileEncoding = 4; lastKnownFileType = sourcecode.c.objc; path = KeevaEncryptor.m; sourceTree = "<group>"; };
		A14D13371C5042960018BD3F /* KeevaConfig.h */ = {isa = PBXFileReference; fileEncoding = 4; lastKnownFileType = sourcecode.c.h; path = KeevaConfig.h; sourceTree = "<group>"; };
		A14D13381C5042960018BD3F /* KeevaConfig.m */ = {isa = PBXFileReference; fileEncoding = 4; lastKnownFileType = sourcecode.c.objc; path = KeevaConfig.m; sourceTree = "<group>"; };
		A14D13391C5042960018BD3F /* KeevaUtils.h */ = {isa = PBXFileReference; fileEncoding = 4; lastKnownFileType = sourcecode.c.h; path = KeevaUtils.h; sourceTree = "<group>"; };
		A14D133A1C5042960018BD3F /* KeevaUtils.m */ = {isa = PBXFileReference; fileEncoding = 4; lastKnownFileType = sourcecode.c.objc; path = KeevaUtils.m; sourceTree = "<group>"; };
		A14D133D1C5046A20018BD3F /* FBEncryptorAES.h */ = {isa = PBXFileReference; fileEncoding = 4; lastKnownFileType = sourcecode.c.h; path = FBEncryptorAES.h; sourceTree = "<group>"; };
		A14D133E1C5046A20018BD3F /* FBEncryptorAES.m */ = {isa = PBXFileReference; fileEncoding = 4; lastKnownFileType = sourcecode.c.objc; path = FBEncryptorAES.m; sourceTree = "<group>"; };
		A14D133F1C5046A20018BD3F /* NSData-Base64.h */ = {isa = PBXFileReference; fileEncoding = 4; lastKnownFileType = sourcecode.c.h; path = "NSData-Base64.h"; sourceTree = "<group>"; };
		A14D13401C5046A20018BD3F /* NSData-Base64.m */ = {isa = PBXFileReference; fileEncoding = 4; lastKnownFileType = sourcecode.c.objc; path = "NSData-Base64.m"; sourceTree = "<group>"; };
/* End PBXFileReference section */

/* Begin PBXFrameworksBuildPhase section */
		A14D131F1C50414A0018BD3F /* Frameworks */ = {
			isa = PBXFrameworksBuildPhase;
			buildActionMask = 2147483647;
			files = (
			);
			runOnlyForDeploymentPostprocessing = 0;
		};
/* End PBXFrameworksBuildPhase section */

/* Begin PBXGroup section */
		A14D13191C50414A0018BD3F = {
			isa = PBXGroup;
			children = (
				A14D13241C50414A0018BD3F /* Keeva */,
				A14D13231C50414A0018BD3F /* Products */,
			);
			sourceTree = "<group>";
		};
		A14D13231C50414A0018BD3F /* Products */ = {
			isa = PBXGroup;
			children = (
				A14D13221C50414A0018BD3F /* libKeeva.a */,
			);
			name = Products;
			sourceTree = "<group>";
		};
		A14D13241C50414A0018BD3F /* Keeva */ = {
			isa = PBXGroup;
			children = (
				A14D132E1C50422C0018BD3F /* KeevaDatabase.h */,
				A14D132F1C50422C0018BD3F /* KeevaDatabase.m */,
				A14D13301C50422C0018BD3F /* Keeva.h */,
				A14D13311C50422C0018BD3F /* Keeva.m */,
				A14D13341C5042610018BD3F /* KeevaEncryptor.h */,
				A14D13351C5042610018BD3F /* KeevaEncryptor.m */,
				A14D13371C5042960018BD3F /* KeevaConfig.h */,
				A14D13381C5042960018BD3F /* KeevaConfig.m */,
				A14D13391C5042960018BD3F /* KeevaUtils.h */,
				A14D133A1C5042960018BD3F /* KeevaUtils.m */,
				A14D133D1C5046A20018BD3F /* FBEncryptorAES.h */,
				A14D133E1C5046A20018BD3F /* FBEncryptorAES.m */,
				A14D133F1C5046A20018BD3F /* NSData-Base64.h */,
				A14D13401C5046A20018BD3F /* NSData-Base64.m */,
			);
			path = Keeva;
			sourceTree = "<group>";
		};
/* End PBXGroup section */

/* Begin PBXHeadersBuildPhase section */
		A14D13631C53ED270018BD3F /* Headers */ = {
			isa = PBXHeadersBuildPhase;
			buildActionMask = 2147483647;
			files = (
				A14D13651C53ED450018BD3F /* Keeva.h in Headers */,
				A14D13641C53ED440018BD3F /* KeevaDatabase.h in Headers */,
				A14D13671C53ED450018BD3F /* KeevaConfig.h in Headers */,
				A14D13661C53ED450018BD3F /* KeevaEncryptor.h in Headers */,
				A14D13681C53ED450018BD3F /* KeevaUtils.h in Headers */,
				A14D136A1C53ED450018BD3F /* NSData-Base64.h in Headers */,
				A14D13691C53ED450018BD3F /* FBEncryptorAES.h in Headers */,
			);
			runOnlyForDeploymentPostprocessing = 0;
		};
/* End PBXHeadersBuildPhase section */

/* Begin PBXNativeTarget section */
		A14D13211C50414A0018BD3F /* Keeva */ = {
			isa = PBXNativeTarget;
			buildConfigurationList = A14D132B1C50414A0018BD3F /* Build configuration list for PBXNativeTarget "Keeva" */;
			buildPhases = (
				A14D131E1C50414A0018BD3F /* Sources */,
				A14D131F1C50414A0018BD3F /* Frameworks */,
				A14D13201C50414A0018BD3F /* CopyFiles */,
				A14D13631C53ED270018BD3F /* Headers */,
				A14D136B1C53F4870018BD3F /* ShellScript */,
			);
			buildRules = (
			);
			dependencies = (
			);
			name = Keeva;
			productName = Keeva;
			productReference = A14D13221C50414A0018BD3F /* libKeeva.a */;
			productType = "com.apple.product-type.library.static";
		};
/* End PBXNativeTarget section */

/* Begin PBXProject section */
		A14D131A1C50414A0018BD3F /* Project object */ = {
			isa = PBXProject;
			attributes = {
				LastUpgradeCheck = 0720;
				ORGANIZATIONNAME = Soomla;
				TargetAttributes = {
					A14D13211C50414A0018BD3F = {
						CreatedOnToolsVersion = 7.2;
					};
				};
			};
			buildConfigurationList = A14D131D1C50414A0018BD3F /* Build configuration list for PBXProject "Keeva" */;
			compatibilityVersion = "Xcode 3.2";
			developmentRegion = English;
			hasScannedForEncodings = 0;
			knownRegions = (
				en,
			);
			mainGroup = A14D13191C50414A0018BD3F;
			productRefGroup = A14D13231C50414A0018BD3F /* Products */;
			projectDirPath = "";
			projectRoot = "";
			targets = (
				A14D13211C50414A0018BD3F /* Keeva */,
			);
		};
/* End PBXProject section */

/* Begin PBXShellScriptBuildPhase section */
		A14D136B1C53F4870018BD3F /* ShellScript */ = {
			isa = PBXShellScriptBuildPhase;
			buildActionMask = 2147483647;
			files = (
			);
			inputPaths = (
			);
			outputPaths = (
			);
			runOnlyForDeploymentPostprocessing = 0;
			shellPath = /bin/sh;
			shellScript = "##########################################\n#\n# c.f. http://stackoverflow.com/questions/3520977/build-fat-static-library-device-simulator-using-xcode-and-sdk-4\n#\n# Version 2.7\n#\n# Latest Change:\n# - Supports iPhone 5 / iPod Touch 5 (uses Apple's workaround to lipo bug)\n#\n# Purpose:\n#   Automatically create a Universal static library for iPhone + iPad + iPhone Simulator from within XCode\n#\n# Author: Adam Martin - http://twitter.com/redglassesapps\n# Based on: original script from Eonil (main changes: Eonil's script WILL NOT WORK in Xcode GUI - it WILL CRASH YOUR COMPUTER)\n#\n\nset -e\nset -o pipefail\n\n#################[ Tests: helps workaround any future bugs in Xcode ]########\n#\nDEBUG_THIS_SCRIPT=\"false\"\n\nif [ $DEBUG_THIS_SCRIPT = \"true\" ]\nthen\necho \"########### TESTS #############\"\necho \"Use the following variables when debugging this script; note that they may change on recursions\"\necho \"BUILD_DIR = $BUILD_DIR\"\necho \"BUILD_ROOT = $BUILD_ROOT\"\necho \"CONFIGURATION_BUILD_DIR = $CONFIGURATION_BUILD_DIR\"\necho \"BUILT_PRODUCTS_DIR = $BUILT_PRODUCTS_DIR\"\necho \"CONFIGURATION_TEMP_DIR = $CONFIGURATION_TEMP_DIR\"\necho \"TARGET_BUILD_DIR = $TARGET_BUILD_DIR\"\nfi\n\n#####################[ part 1 ]##################\n# First, work out the BASESDK version number (NB: Apple ought to report this, but they hide it)\n#    (incidental: searching for substrings in sh is a nightmare! Sob)\n\nSDK_VERSION=$(echo ${SDK_NAME} | grep -o '\\d\\{1,2\\}\\.\\d\\{1,2\\}$')\n\n# Next, work out if we're in SIM or DEVICE\n\nif [ ${PLATFORM_NAME} = \"iphonesimulator\" ]\nthen\nOTHER_SDK_TO_BUILD=iphoneos${SDK_VERSION}\nelse\nOTHER_SDK_TO_BUILD=iphonesimulator${SDK_VERSION}\nfi\n\necho \"XCode has selected SDK: ${PLATFORM_NAME} with version: ${SDK_VERSION} (although back-targetting: ${IPHONEOS_DEPLOYMENT_TARGET})\"\necho \"...therefore, OTHER_SDK_TO_BUILD = ${OTHER_SDK_TO_BUILD}\"\n#\n#####################[ end of part 1 ]##################\n\n#####################[ part 2 ]##################\n#\n# IF this is the original invocation, invoke WHATEVER other builds are required\n#\n# Xcode is already building ONE target...\n#\n# ...but this is a LIBRARY, so Apple is wrong to set it to build just one.\n# ...we need to build ALL targets\n# ...we MUST NOT re-build the target that is ALREADY being built: Xcode WILL CRASH YOUR COMPUTER if you try this (infinite recursion!)\n#\n#\n# So: build ONLY the missing platforms/configurations.\n\nif [ \"true\" == ${ALREADYINVOKED:-false} ]\nthen\necho \"RECURSION: I am NOT the root invocation, so I'm NOT going to recurse\"\nelse\n# CRITICAL:\n# Prevent infinite recursion (Xcode sucks)\nexport ALREADYINVOKED=\"true\"\n\necho \"RECURSION: I am the root ... recursing all missing build targets NOW...\"\necho \"RECURSION: ...about to invoke: xcodebuild -configuration \\\"${CONFIGURATION}\\\" -project \\\"${PROJECT_NAME}.xcodeproj\\\" -target \\\"${TARGET_NAME}\\\" -sdk \\\"${OTHER_SDK_TO_BUILD}\\\" ${ACTION} RUN_CLANG_STATIC_ANALYZER=NO\" BUILD_DIR=\\\"${BUILD_DIR}\\\" BUILD_ROOT=\\\"${BUILD_ROOT}\\\" SYMROOT=\\\"${SYMROOT}\\\"\n\nxcodebuild -configuration \"${CONFIGURATION}\" -project \"${PROJECT_NAME}.xcodeproj\" -target \"${TARGET_NAME}\" -sdk \"${OTHER_SDK_TO_BUILD}\" ${ACTION} RUN_CLANG_STATIC_ANALYZER=NO BUILD_DIR=\"${BUILD_DIR}\" BUILD_ROOT=\"${BUILD_ROOT}\" SYMROOT=\"${SYMROOT}\"\n\nACTION=\"build\"\n\n#Merge all platform binaries as a fat binary for each configurations.\n\n# Calculate where the (multiple) built files are coming from:\nCURRENTCONFIG_DEVICE_DIR=${SYMROOT}/${CONFIGURATION}-iphoneos\nCURRENTCONFIG_SIMULATOR_DIR=${SYMROOT}/${CONFIGURATION}-iphonesimulator\n\necho \"Taking device build from: ${CURRENTCONFIG_DEVICE_DIR}\"\necho \"Taking simulator build from: ${CURRENTCONFIG_SIMULATOR_DIR}\"\n\nif [[ -z $CREATING_UNIVERSAL_DIR ]]\nthen\nCREATING_UNIVERSAL_DIR=${SYMROOT}/${CONFIGURATION}-universal\nfi\necho \"...I will output a universal build to: ${CREATING_UNIVERSAL_DIR}\"\n\n# ... remove the products of previous runs of this script\n#      NB: this directory is ONLY created by this script - it should be safe to delete!\n\nrm -rf \"${CREATING_UNIVERSAL_DIR}\"\nmkdir \"${CREATING_UNIVERSAL_DIR}\"\n\n#\necho \"lipo: for current configuration (${CONFIGURATION}) creating output file: ${CREATING_UNIVERSAL_DIR}/${EXECUTABLE_NAME}\"\nxcrun -sdk iphoneos lipo -create -output \"${CREATING_UNIVERSAL_DIR}/${EXECUTABLE_NAME}\" \"${CURRENTCONFIG_DEVICE_DIR}/${EXECUTABLE_NAME}\" \"${CURRENTCONFIG_SIMULATOR_DIR}/${EXECUTABLE_NAME}\"\n\n#########\n#\n# Added: StackOverflow suggestion to also copy \"include\" files\n#    (untested, but should work OK)\n#\necho \"Fetching headers from ${PUBLIC_HEADERS_FOLDER_PATH}\"\necho \"  (if you embed your library project in another project, you will need to add\"\necho \"   a \"User Search Headers\" build setting of: (NB INCLUDE THE DOUBLE QUOTES BELOW!)\"\necho '        \"$(TARGET_BUILD_DIR)/usr/local/include/\"'\nif [ -d \"${CURRENTCONFIG_DEVICE_DIR}/${PUBLIC_HEADERS_FOLDER_PATH}\" ]\nthen\nmkdir -p \"${CREATING_UNIVERSAL_DIR}/headers/${PROJECT_NAME}\"\n# * needs to be outside the double quotes?\ncp -r \"${CURRENTCONFIG_DEVICE_DIR}/${PUBLIC_HEADERS_FOLDER_PATH}/\"* \"${CREATING_UNIVERSAL_DIR}/headers/${PROJECT_NAME}\"\nfi\nfi\n";
		};
/* End PBXShellScriptBuildPhase section */

/* Begin PBXSourcesBuildPhase section */
		A14D131E1C50414A0018BD3F /* Sources */ = {
			isa = PBXSourcesBuildPhase;
			buildActionMask = 2147483647;
			files = (
				A14D13331C50422C0018BD3F /* Keeva.m in Sources */,
				A14D133C1C5042960018BD3F /* KeevaUtils.m in Sources */,
				A14D13421C5046A20018BD3F /* NSData-Base64.m in Sources */,
				A14D13321C50422C0018BD3F /* KeevaDatabase.m in Sources */,
				A14D133B1C5042960018BD3F /* KeevaConfig.m in Sources */,
				A14D13411C5046A20018BD3F /* FBEncryptorAES.m in Sources */,
				A14D13361C5042610018BD3F /* KeevaEncryptor.m in Sources */,
			);
			runOnlyForDeploymentPostprocessing = 0;
		};
/* End PBXSourcesBuildPhase section */

/* Begin XCBuildConfiguration section */
		A14D13291C50414A0018BD3F /* Debug */ = {
			isa = XCBuildConfiguration;
			buildSettings = {
				ALWAYS_SEARCH_USER_PATHS = NO;
				CLANG_CXX_LANGUAGE_STANDARD = "gnu++0x";
				CLANG_CXX_LIBRARY = "libc++";
				CLANG_ENABLE_MODULES = YES;
				CLANG_ENABLE_OBJC_ARC = YES;
				CLANG_WARN_BOOL_CONVERSION = YES;
				CLANG_WARN_CONSTANT_CONVERSION = YES;
				CLANG_WARN_DIRECT_OBJC_ISA_USAGE = YES_ERROR;
				CLANG_WARN_EMPTY_BODY = YES;
				CLANG_WARN_ENUM_CONVERSION = YES;
				CLANG_WARN_INT_CONVERSION = YES;
				CLANG_WARN_OBJC_ROOT_CLASS = YES_ERROR;
				CLANG_WARN_UNREACHABLE_CODE = YES;
				CLANG_WARN__DUPLICATE_METHOD_MATCH = YES;
				"CODE_SIGN_IDENTITY[sdk=iphoneos*]" = "iPhone Developer";
				COPY_PHASE_STRIP = NO;
				DEBUG_INFORMATION_FORMAT = dwarf;
				ENABLE_STRICT_OBJC_MSGSEND = YES;
				ENABLE_TESTABILITY = YES;
				GCC_C_LANGUAGE_STANDARD = gnu99;
				GCC_DYNAMIC_NO_PIC = NO;
				GCC_NO_COMMON_BLOCKS = YES;
				GCC_OPTIMIZATION_LEVEL = 0;
				GCC_PREPROCESSOR_DEFINITIONS = (
					"DEBUG=1",
					"$(inherited)",
				);
				GCC_WARN_64_TO_32_BIT_CONVERSION = YES;
				GCC_WARN_ABOUT_RETURN_TYPE = YES_ERROR;
				GCC_WARN_UNDECLARED_SELECTOR = YES;
				GCC_WARN_UNINITIALIZED_AUTOS = YES_AGGRESSIVE;
				GCC_WARN_UNUSED_FUNCTION = YES;
				GCC_WARN_UNUSED_VARIABLE = YES;
				IPHONEOS_DEPLOYMENT_TARGET = 9.2;
				MTL_ENABLE_DEBUG_INFO = YES;
				ONLY_ACTIVE_ARCH = YES;
				SDKROOT = iphoneos;
			};
			name = Debug;
		};
		A14D132A1C50414A0018BD3F /* Release */ = {
			isa = XCBuildConfiguration;
			buildSettings = {
				ALWAYS_SEARCH_USER_PATHS = NO;
				CLANG_CXX_LANGUAGE_STANDARD = "gnu++0x";
				CLANG_CXX_LIBRARY = "libc++";
				CLANG_ENABLE_MODULES = YES;
				CLANG_ENABLE_OBJC_ARC = YES;
				CLANG_WARN_BOOL_CONVERSION = YES;
				CLANG_WARN_CONSTANT_CONVERSION = YES;
				CLANG_WARN_DIRECT_OBJC_ISA_USAGE = YES_ERROR;
				CLANG_WARN_EMPTY_BODY = YES;
				CLANG_WARN_ENUM_CONVERSION = YES;
				CLANG_WARN_INT_CONVERSION = YES;
				CLANG_WARN_OBJC_ROOT_CLASS = YES_ERROR;
				CLANG_WARN_UNREACHABLE_CODE = YES;
				CLANG_WARN__DUPLICATE_METHOD_MATCH = YES;
				"CODE_SIGN_IDENTITY[sdk=iphoneos*]" = "iPhone Developer";
				COPY_PHASE_STRIP = NO;
				DEBUG_INFORMATION_FORMAT = "dwarf-with-dsym";
				ENABLE_NS_ASSERTIONS = NO;
				ENABLE_STRICT_OBJC_MSGSEND = YES;
				GCC_C_LANGUAGE_STANDARD = gnu99;
				GCC_NO_COMMON_BLOCKS = YES;
				GCC_WARN_64_TO_32_BIT_CONVERSION = YES;
				GCC_WARN_ABOUT_RETURN_TYPE = YES_ERROR;
				GCC_WARN_UNDECLARED_SELECTOR = YES;
				GCC_WARN_UNINITIALIZED_AUTOS = YES_AGGRESSIVE;
				GCC_WARN_UNUSED_FUNCTION = YES;
				GCC_WARN_UNUSED_VARIABLE = YES;
				IPHONEOS_DEPLOYMENT_TARGET = 9.2;
				MTL_ENABLE_DEBUG_INFO = NO;
				SDKROOT = iphoneos;
				VALIDATE_PRODUCT = YES;
			};
			name = Release;
		};
		A14D132C1C50414A0018BD3F /* Debug */ = {
			isa = XCBuildConfiguration;
			buildSettings = {
				IPHONEOS_DEPLOYMENT_TARGET = 9.0;
				OTHER_CFLAGS = "-fembed-bitcode";
				OTHER_LDFLAGS = "-ObjC";
				PRODUCT_NAME = "$(TARGET_NAME)";
				SKIP_INSTALL = YES;
				SYMROOT = out;
			};
			name = Debug;
		};
		A14D132D1C50414A0018BD3F /* Release */ = {
			isa = XCBuildConfiguration;
			buildSettings = {
				IPHONEOS_DEPLOYMENT_TARGET = 9.0;
				OTHER_CFLAGS = "-fembed-bitcode";
				OTHER_LDFLAGS = "-ObjC";
				PRODUCT_NAME = "$(TARGET_NAME)";
				SKIP_INSTALL = YES;
				SYMROOT = out;
			};
			name = Release;
		};
/* End XCBuildConfiguration section */

/* Begin XCConfigurationList section */
		A14D131D1C50414A0018BD3F /* Build configuration list for PBXProject "Keeva" */ = {
			isa = XCConfigurationList;
			buildConfigurations = (
				A14D13291C50414A0018BD3F /* Debug */,
				A14D132A1C50414A0018BD3F /* Release */,
			);
			defaultConfigurationIsVisible = 0;
			defaultConfigurationName = Release;
		};
		A14D132B1C50414A0018BD3F /* Build configuration list for PBXNativeTarget "Keeva" */ = {
			isa = XCConfigurationList;
			buildConfigurations = (
				A14D132C1C50414A0018BD3F /* Debug */,
				A14D132D1C50414A0018BD3F /* Release */,
			);
			defaultConfigurationIsVisible = 0;
			defaultConfigurationName = Release;
		};
/* End XCConfigurationList section */
	};
	rootObject = A14D131A1C50414A0018BD3F /* Project object */;
}
